// !$*UTF8*$!
{
	archiveVersion = 1;
	classes = {
	};
	objectVersion = 46;
	objects = {

/* Begin PBXBuildFile section */
		1D3623260D0F684500981E51 /* TouchEventsAppDelegate.m in Sources */ = {isa = PBXBuildFile; fileRef = 1D3623250D0F684500981E51 /* TouchEventsAppDelegate.m */; };
		1D60589B0D05DD56006BFB54 /* main.m in Sources */ = {isa = PBXBuildFile; fileRef = 29B97316FDCFA39411CA2CEA /* main.m */; };
		1D60589F0D05DD5A006BFB54 /* Foundation.framework in Frameworks */ = {isa = PBXBuildFile; fileRef = 1D30AB110D05D00D00671497 /* Foundation.framework */; };
		1DF5F4E00D08C38300B7A737 /* UIKit.framework in Frameworks */ = {isa = PBXBuildFile; fileRef = 1DF5F4DF0D08C38300B7A737 /* UIKit.framework */; };
		288765FD0DF74451002DB57D /* CoreGraphics.framework in Frameworks */ = {isa = PBXBuildFile; fileRef = 288765FC0DF74451002DB57D /* CoreGraphics.framework */; };
		28AD733F0D9D9553002E5188 /* MainWindow.xib in Resources */ = {isa = PBXBuildFile; fileRef = 28AD733E0D9D9553002E5188 /* MainWindow.xib */; };
		2D2E619511418A9F00B99228 /* libPixelwave.a in Frameworks */ = {isa = PBXBuildFile; fileRef = 2D2E618C11418A9800B99228 /* libPixelwave.a */; };
		2D48585312C3EF050041372C /* Rocky.png in Resources */ = {isa = PBXBuildFile; fileRef = 2D48585112C3EF050041372C /* Rocky.png */; };
		2D48585412C3EF050041372C /* Rocky@2x.png in Resources */ = {isa = PBXBuildFile; fileRef = 2D48585212C3EF050041372C /* Rocky@2x.png */; };
		2D7E9119107B896900B98F2B /* TouchEventsRoot.m in Sources */ = {isa = PBXBuildFile; fileRef = 2D7E9118107B896900B98F2B /* TouchEventsRoot.m */; };
		2D7E91D2107B8F7400B98F2B /* QuartzCore.framework in Frameworks */ = {isa = PBXBuildFile; fileRef = 2D7E91D0107B8F7400B98F2B /* QuartzCore.framework */; };
		2D7E91D3107B8F7400B98F2B /* OpenGLES.framework in Frameworks */ = {isa = PBXBuildFile; fileRef = 2D7E91D1107B8F7400B98F2B /* OpenGLES.framework */; };
		2DAEF65012C25BF400684152 /* Default.png in Resources */ = {isa = PBXBuildFile; fileRef = 2DAEF64A12C25BF400684152 /* Default.png */; };
		2DAEF65112C25BF400684152 /* Default@2x.png in Resources */ = {isa = PBXBuildFile; fileRef = 2DAEF64B12C25BF400684152 /* Default@2x.png */; };
		2DAEF65212C25BF400684152 /* Default~iPad.png in Resources */ = {isa = PBXBuildFile; fileRef = 2DAEF64C12C25BF400684152 /* Default~iPad.png */; };
		2DAEF65312C25BF400684152 /* Icon-72.png in Resources */ = {isa = PBXBuildFile; fileRef = 2DAEF64D12C25BF400684152 /* Icon-72.png */; };
		2DAEF65412C25BF400684152 /* Icon.png in Resources */ = {isa = PBXBuildFile; fileRef = 2DAEF64E12C25BF400684152 /* Icon.png */; };
		2DAEF65512C25BF400684152 /* Icon@2x.png in Resources */ = {isa = PBXBuildFile; fileRef = 2DAEF64F12C25BF400684152 /* Icon@2x.png */; };
		5218E35F1241602600B49B40 /* MainWindow~iPad.xib in Resources */ = {isa = PBXBuildFile; fileRef = 5218E35E1241602600B49B40 /* MainWindow~iPad.xib */; };
		5271166112AEC5A000170768 /* AudioToolbox.framework in Frameworks */ = {isa = PBXBuildFile; fileRef = 5271166012AEC5A000170768 /* AudioToolbox.framework */; };
		5271166312AEC5A700170768 /* AVFoundation.framework in Frameworks */ = {isa = PBXBuildFile; fileRef = 5271166212AEC5A700170768 /* AVFoundation.framework */; };
		5271166512AEC5B000170768 /* OpenAL.framework in Frameworks */ = {isa = PBXBuildFile; fileRef = 5271166412AEC5B000170768 /* OpenAL.framework */; };
		5283448A12EDEE9D000227DD /* CoreText.framework in Frameworks */ = {isa = PBXBuildFile; fileRef = 5283448912EDEE9D000227DD /* CoreText.framework */; settings = {ATTRIBUTES = (Weak, ); }; };
/* End PBXBuildFile section */

/* Begin PBXContainerItemProxy section */
		2D2E618B11418A9800B99228 /* PBXContainerItemProxy */ = {
			isa = PBXContainerItemProxy;
			containerPortal = 2D7E9077107B872300B98F2B /* Pixelwave.xcodeproj */;
			proxyType = 2;
			remoteGlobalIDString = D2AAC07E0554694100DB518D;
			remoteInfo = Pixelwave;
		};
		2D2E619611418AA500B99228 /* PBXContainerItemProxy */ = {
			isa = PBXContainerItemProxy;
			containerPortal = 2D7E9077107B872300B98F2B /* Pixelwave.xcodeproj */;
			proxyType = 1;
			remoteGlobalIDString = D2AAC07D0554694100DB518D;
			remoteInfo = Pixelwave;
		};
/* End PBXContainerItemProxy section */

/* Begin PBXFileReference section */
		1D30AB110D05D00D00671497 /* Foundation.framework */ = {isa = PBXFileReference; lastKnownFileType = wrapper.framework; name = Foundation.framework; path = System/Library/Frameworks/Foundation.framework; sourceTree = SDKROOT; };
		1D3623240D0F684500981E51 /* TouchEventsAppDelegate.h */ = {isa = PBXFileReference; fileEncoding = 4; lastKnownFileType = sourcecode.c.h; path = TouchEventsAppDelegate.h; sourceTree = "<group>"; };
		1D3623250D0F684500981E51 /* TouchEventsAppDelegate.m */ = {isa = PBXFileReference; fileEncoding = 4; lastKnownFileType = sourcecode.c.objc; path = TouchEventsAppDelegate.m; sourceTree = "<group>"; };
		1D6058910D05DD3D006BFB54 /* TouchEvents.app */ = {isa = PBXFileReference; explicitFileType = wrapper.application; includeInIndex = 0; path = TouchEvents.app; sourceTree = BUILT_PRODUCTS_DIR; };
		1DF5F4DF0D08C38300B7A737 /* UIKit.framework */ = {isa = PBXFileReference; lastKnownFileType = wrapper.framework; name = UIKit.framework; path = System/Library/Frameworks/UIKit.framework; sourceTree = SDKROOT; };
		288765FC0DF74451002DB57D /* CoreGraphics.framework */ = {isa = PBXFileReference; lastKnownFileType = wrapper.framework; name = CoreGraphics.framework; path = System/Library/Frameworks/CoreGraphics.framework; sourceTree = SDKROOT; };
		28AD733E0D9D9553002E5188 /* MainWindow.xib */ = {isa = PBXFileReference; lastKnownFileType = file.xib; path = MainWindow.xib; sourceTree = "<group>"; };
		29B97316FDCFA39411CA2CEA /* main.m */ = {isa = PBXFileReference; fileEncoding = 4; lastKnownFileType = sourcecode.c.objc; path = main.m; sourceTree = "<group>"; };
		2D48585112C3EF050041372C /* Rocky.png */ = {isa = PBXFileReference; lastKnownFileType = image.png; name = Rocky.png; path = Media/Rocky.png; sourceTree = "<group>"; };
		2D48585212C3EF050041372C /* Rocky@2x.png */ = {isa = PBXFileReference; lastKnownFileType = image.png; name = "Rocky@2x.png"; path = "Media/Rocky@2x.png"; sourceTree = "<group>"; };
		2D7E9077107B872300B98F2B /* Pixelwave.xcodeproj */ = {isa = PBXFileReference; lastKnownFileType = "wrapper.pb-project"; path = Pixelwave.xcodeproj; sourceTree = PIXELWAVE_SRC; };
		2D7E9117107B896900B98F2B /* TouchEventsRoot.h */ = {isa = PBXFileReference; fileEncoding = 4; lastKnownFileType = sourcecode.c.h; path = TouchEventsRoot.h; sourceTree = "<group>"; };
		2D7E9118107B896900B98F2B /* TouchEventsRoot.m */ = {isa = PBXFileReference; fileEncoding = 4; lastKnownFileType = sourcecode.c.objc; path = TouchEventsRoot.m; sourceTree = "<group>"; };
		2D7E91D0107B8F7400B98F2B /* QuartzCore.framework */ = {isa = PBXFileReference; lastKnownFileType = wrapper.framework; name = QuartzCore.framework; path = System/Library/Frameworks/QuartzCore.framework; sourceTree = SDKROOT; };
		2D7E91D1107B8F7400B98F2B /* OpenGLES.framework */ = {isa = PBXFileReference; lastKnownFileType = wrapper.framework; name = OpenGLES.framework; path = System/Library/Frameworks/OpenGLES.framework; sourceTree = SDKROOT; };
		2DAEF64A12C25BF400684152 /* Default.png */ = {isa = PBXFileReference; lastKnownFileType = image.png; name = Default.png; path = ../Common/Media/Default.png; sourceTree = SOURCE_ROOT; };
		2DAEF64B12C25BF400684152 /* Default@2x.png */ = {isa = PBXFileReference; lastKnownFileType = image.png; name = "Default@2x.png"; path = "../Common/Media/Default@2x.png"; sourceTree = SOURCE_ROOT; };
		2DAEF64C12C25BF400684152 /* Default~iPad.png */ = {isa = PBXFileReference; lastKnownFileType = image.png; name = "Default~iPad.png"; path = "../Common/Media/Default~iPad.png"; sourceTree = SOURCE_ROOT; };
		2DAEF64D12C25BF400684152 /* Icon-72.png */ = {isa = PBXFileReference; lastKnownFileType = image.png; name = "Icon-72.png"; path = "../Common/Media/Icon-72.png"; sourceTree = SOURCE_ROOT; };
		2DAEF64E12C25BF400684152 /* Icon.png */ = {isa = PBXFileReference; lastKnownFileType = image.png; name = Icon.png; path = ../Common/Media/Icon.png; sourceTree = SOURCE_ROOT; };
		2DAEF64F12C25BF400684152 /* Icon@2x.png */ = {isa = PBXFileReference; lastKnownFileType = image.png; name = "Icon@2x.png"; path = "../Common/Media/Icon@2x.png"; sourceTree = SOURCE_ROOT; };
		32CA4F630368D1EE00C91783 /* TouchEvents_Prefix.pch */ = {isa = PBXFileReference; fileEncoding = 4; lastKnownFileType = sourcecode.c.h; path = TouchEvents_Prefix.pch; sourceTree = "<group>"; };
		5218E35E1241602600B49B40 /* MainWindow~iPad.xib */ = {isa = PBXFileReference; lastKnownFileType = file.xib; path = "MainWindow~iPad.xib"; sourceTree = "<group>"; };
		5271166012AEC5A000170768 /* AudioToolbox.framework */ = {isa = PBXFileReference; lastKnownFileType = wrapper.framework; name = AudioToolbox.framework; path = System/Library/Frameworks/AudioToolbox.framework; sourceTree = SDKROOT; };
		5271166212AEC5A700170768 /* AVFoundation.framework */ = {isa = PBXFileReference; lastKnownFileType = wrapper.framework; name = AVFoundation.framework; path = System/Library/Frameworks/AVFoundation.framework; sourceTree = SDKROOT; };
		5271166412AEC5B000170768 /* OpenAL.framework */ = {isa = PBXFileReference; lastKnownFileType = wrapper.framework; name = OpenAL.framework; path = System/Library/Frameworks/OpenAL.framework; sourceTree = SDKROOT; };
		5283448912EDEE9D000227DD /* CoreText.framework */ = {isa = PBXFileReference; lastKnownFileType = wrapper.framework; name = CoreText.framework; path = System/Library/Frameworks/CoreText.framework; sourceTree = SDKROOT; };
		8D1107310486CEB800E47090 /* TouchEvents-Info.plist */ = {isa = PBXFileReference; fileEncoding = 4; lastKnownFileType = text.plist.xml; path = "TouchEvents-Info.plist"; plistStructureDefinitionIdentifier = "com.apple.xcode.plist.structure-definition.iphone.info-plist"; sourceTree = "<group>"; };
/* End PBXFileReference section */

/* Begin PBXFrameworksBuildPhase section */
		1D60588F0D05DD3D006BFB54 /* Frameworks */ = {
			isa = PBXFrameworksBuildPhase;
			buildActionMask = 2147483647;
			files = (
				2D2E619511418A9F00B99228 /* libPixelwave.a in Frameworks */,
				1D60589F0D05DD5A006BFB54 /* Foundation.framework in Frameworks */,
				1DF5F4E00D08C38300B7A737 /* UIKit.framework in Frameworks */,
				288765FD0DF74451002DB57D /* CoreGraphics.framework in Frameworks */,
				2D7E91D2107B8F7400B98F2B /* QuartzCore.framework in Frameworks */,
				2D7E91D3107B8F7400B98F2B /* OpenGLES.framework in Frameworks */,
				5271166112AEC5A000170768 /* AudioToolbox.framework in Frameworks */,
				5271166312AEC5A700170768 /* AVFoundation.framework in Frameworks */,
				5271166512AEC5B000170768 /* OpenAL.framework in Frameworks */,
				5283448A12EDEE9D000227DD /* CoreText.framework in Frameworks */,
			);
			runOnlyForDeploymentPostprocessing = 0;
		};
/* End PBXFrameworksBuildPhase section */

/* Begin PBXGroup section */
		080E96DDFE201D6D7F000001 /* Classes */ = {
			isa = PBXGroup;
			children = (
				1D3623240D0F684500981E51 /* TouchEventsAppDelegate.h */,
				1D3623250D0F684500981E51 /* TouchEventsAppDelegate.m */,
				2D7E9117107B896900B98F2B /* TouchEventsRoot.h */,
				2D7E9118107B896900B98F2B /* TouchEventsRoot.m */,
			);
			path = Classes;
			sourceTree = "<group>";
		};
		19C28FACFE9D520D11CA2CBB /* Products */ = {
			isa = PBXGroup;
			children = (
				1D6058910D05DD3D006BFB54 /* TouchEvents.app */,
			);
			name = Products;
			sourceTree = "<group>";
		};
		29B97314FDCFA39411CA2CEA /* CustomTemplate */ = {
			isa = PBXGroup;
			children = (
				2D7E9077107B872300B98F2B /* Pixelwave.xcodeproj */,
				080E96DDFE201D6D7F000001 /* Classes */,
				5218E554124172F900B49B40 /* Media */,
				29B97315FDCFA39411CA2CEA /* Other Sources */,
				29B97317FDCFA39411CA2CEA /* Resources */,
				29B97323FDCFA39411CA2CEA /* Frameworks */,
				19C28FACFE9D520D11CA2CBB /* Products */,
			);
			name = CustomTemplate;
			sourceTree = "<group>";
		};
		29B97315FDCFA39411CA2CEA /* Other Sources */ = {
			isa = PBXGroup;
			children = (
				32CA4F630368D1EE00C91783 /* TouchEvents_Prefix.pch */,
				29B97316FDCFA39411CA2CEA /* main.m */,
			);
			name = "Other Sources";
			sourceTree = "<group>";
		};
		29B97317FDCFA39411CA2CEA /* Resources */ = {
			isa = PBXGroup;
			children = (
				2DAEF64A12C25BF400684152 /* Default.png */,
				2DAEF64B12C25BF400684152 /* Default@2x.png */,
				2DAEF64C12C25BF400684152 /* Default~iPad.png */,
				2DAEF64D12C25BF400684152 /* Icon-72.png */,
				2DAEF64E12C25BF400684152 /* Icon.png */,
				2DAEF64F12C25BF400684152 /* Icon@2x.png */,
				5218E35E1241602600B49B40 /* MainWindow~iPad.xib */,
				28AD733E0D9D9553002E5188 /* MainWindow.xib */,
				8D1107310486CEB800E47090 /* TouchEvents-Info.plist */,
			);
			name = Resources;
			sourceTree = "<group>";
		};
		29B97323FDCFA39411CA2CEA /* Frameworks */ = {
			isa = PBXGroup;
			children = (
				2D7E91D0107B8F7400B98F2B /* QuartzCore.framework */,
				2D7E91D1107B8F7400B98F2B /* OpenGLES.framework */,
				1DF5F4DF0D08C38300B7A737 /* UIKit.framework */,
				1D30AB110D05D00D00671497 /* Foundation.framework */,
				288765FC0DF74451002DB57D /* CoreGraphics.framework */,
				5271166012AEC5A000170768 /* AudioToolbox.framework */,
				5271166212AEC5A700170768 /* AVFoundation.framework */,
				5271166412AEC5B000170768 /* OpenAL.framework */,
				5283448912EDEE9D000227DD /* CoreText.framework */,
			);
			name = Frameworks;
			sourceTree = "<group>";
		};
		2D2E618811418A9800B99228 /* Products */ = {
			isa = PBXGroup;
			children = (
				2D2E618C11418A9800B99228 /* libPixelwave.a */,
			);
			name = Products;
			sourceTree = "<group>";
		};
		5218E554124172F900B49B40 /* Media */ = {
			isa = PBXGroup;
			children = (
				2D48585112C3EF050041372C /* Rocky.png */,
				2D48585212C3EF050041372C /* Rocky@2x.png */,
			);
			name = Media;
			sourceTree = "<group>";
		};
/* End PBXGroup section */

/* Begin PBXNativeTarget section */
		1D6058900D05DD3D006BFB54 /* TouchEvents */ = {
			isa = PBXNativeTarget;
			buildConfigurationList = 1D6058960D05DD3E006BFB54 /* Build configuration list for PBXNativeTarget "TouchEvents" */;
			buildPhases = (
				1D60588D0D05DD3D006BFB54 /* Resources */,
				1D60588E0D05DD3D006BFB54 /* Sources */,
				1D60588F0D05DD3D006BFB54 /* Frameworks */,
			);
			buildRules = (
			);
			dependencies = (
				2D2E619711418AA500B99228 /* PBXTargetDependency */,
			);
			name = TouchEvents;
			productName = TouchEvents;
			productReference = 1D6058910D05DD3D006BFB54 /* TouchEvents.app */;
			productType = "com.apple.product-type.application";
		};
/* End PBXNativeTarget section */

/* Begin PBXProject section */
		29B97313FDCFA39411CA2CEA /* Project object */ = {
			isa = PBXProject;
			attributes = {
				LastUpgradeCheck = 0420;
			};
			buildConfigurationList = C01FCF4E08A954540054247B /* Build configuration list for PBXProject "TouchEvents" */;
			compatibilityVersion = "Xcode 3.2";
			developmentRegion = English;
			hasScannedForEncodings = 1;
			knownRegions = (
				English,
				Japanese,
				French,
				German,
			);
			mainGroup = 29B97314FDCFA39411CA2CEA /* CustomTemplate */;
			projectDirPath = "";
			projectReferences = (
				{
					ProductGroup = 2D2E618811418A9800B99228 /* Products */;
					ProjectRef = 2D7E9077107B872300B98F2B /* Pixelwave.xcodeproj */;
				},
			);
			projectRoot = "";
			targets = (
				1D6058900D05DD3D006BFB54 /* TouchEvents */,
			);
		};
/* End PBXProject section */

/* Begin PBXReferenceProxy section */
		2D2E618C11418A9800B99228 /* libPixelwave.a */ = {
			isa = PBXReferenceProxy;
			fileType = archive.ar;
			path = libPixelwave.a;
			remoteRef = 2D2E618B11418A9800B99228 /* PBXContainerItemProxy */;
			sourceTree = BUILT_PRODUCTS_DIR;
		};
/* End PBXReferenceProxy section */

/* Begin PBXResourcesBuildPhase section */
		1D60588D0D05DD3D006BFB54 /* Resources */ = {
			isa = PBXResourcesBuildPhase;
			buildActionMask = 2147483647;
			files = (
				28AD733F0D9D9553002E5188 /* MainWindow.xib in Resources */,
				5218E35F1241602600B49B40 /* MainWindow~iPad.xib in Resources */,
				2DAEF65012C25BF400684152 /* Default.png in Resources */,
				2DAEF65112C25BF400684152 /* Default@2x.png in Resources */,
				2DAEF65212C25BF400684152 /* Default~iPad.png in Resources */,
				2DAEF65312C25BF400684152 /* Icon-72.png in Resources */,
				2DAEF65412C25BF400684152 /* Icon.png in Resources */,
				2DAEF65512C25BF400684152 /* Icon@2x.png in Resources */,
				2D48585312C3EF050041372C /* Rocky.png in Resources */,
				2D48585412C3EF050041372C /* Rocky@2x.png in Resources */,
			);
			runOnlyForDeploymentPostprocessing = 0;
		};
/* End PBXResourcesBuildPhase section */

/* Begin PBXSourcesBuildPhase section */
		1D60588E0D05DD3D006BFB54 /* Sources */ = {
			isa = PBXSourcesBuildPhase;
			buildActionMask = 2147483647;
			files = (
				1D60589B0D05DD56006BFB54 /* main.m in Sources */,
				1D3623260D0F684500981E51 /* TouchEventsAppDelegate.m in Sources */,
				2D7E9119107B896900B98F2B /* TouchEventsRoot.m in Sources */,
			);
			runOnlyForDeploymentPostprocessing = 0;
		};
/* End PBXSourcesBuildPhase section */

/* Begin PBXTargetDependency section */
		2D2E619711418AA500B99228 /* PBXTargetDependency */ = {
			isa = PBXTargetDependency;
			name = Pixelwave;
			targetProxy = 2D2E619611418AA500B99228 /* PBXContainerItemProxy */;
		};
/* End PBXTargetDependency section */

/* Begin XCBuildConfiguration section */
		1D6058940D05DD3E006BFB54 /* Debug */ = {
			isa = XCBuildConfiguration;
			buildSettings = {
				ALWAYS_SEARCH_USER_PATHS = NO;
				COPY_PHASE_STRIP = NO;
				GCC_DYNAMIC_NO_PIC = NO;
				GCC_OPTIMIZATION_LEVEL = 0;
				GCC_PRECOMPILE_PREFIX_HEADER = YES;
				GCC_PREFIX_HEADER = TouchEvents_Prefix.pch;
				GCC_VERSION = com.apple.compilers.llvm.clang.1_0;
				INFOPLIST_FILE = "TouchEvents-Info.plist";
				PRODUCT_NAME = TouchEvents;
				SDKROOT = iphoneos;
			};
			name = Debug;
		};
		1D6058950D05DD3E006BFB54 /* Release */ = {
			isa = XCBuildConfiguration;
			buildSettings = {
				ALWAYS_SEARCH_USER_PATHS = NO;
				COPY_PHASE_STRIP = YES;
				GCC_PRECOMPILE_PREFIX_HEADER = YES;
				GCC_PREFIX_HEADER = TouchEvents_Prefix.pch;
				GCC_VERSION = com.apple.compilers.llvm.clang.1_0;
				INFOPLIST_FILE = "TouchEvents-Info.plist";
				PRODUCT_NAME = TouchEvents;
				SDKROOT = iphoneos;
			};
			name = Release;
		};
		C01FCF4F08A954540054247B /* Debug */ = {
			isa = XCBuildConfiguration;
			buildSettings = {
				ARCHS = "$(ARCHS_STANDARD_32_BIT)";
				"CODE_SIGN_IDENTITY[sdk=iphoneos*]" = "iPhone Developer";
				COMPRESS_PNG_FILES = NO;
				GCC_C_LANGUAGE_STANDARD = c99;
				GCC_THUMB_SUPPORT = NO;
				GCC_VERSION = com.apple.compilers.llvm.clang.1_0;
				GCC_WARN_ABOUT_RETURN_TYPE = YES;
				GCC_WARN_UNUSED_VARIABLE = YES;
				HEADER_SEARCH_PATHS = "";
				IPHONEOS_DEPLOYMENT_TARGET = 3.0;
				SDKROOT = iphoneos;
				TARGETED_DEVICE_FAMILY = "1,2";
				USER_HEADER_SEARCH_PATHS = "$(PIXELWAVE_SRC)/**";
			};
			name = Debug;
		};
		C01FCF5008A954540054247B /* Release */ = {
			isa = XCBuildConfiguration;
			buildSettings = {
				ARCHS = "$(ARCHS_STANDARD_32_BIT)";
				"CODE_SIGN_IDENTITY[sdk=iphoneos*]" = "iPhone Developer";
				COMPRESS_PNG_FILES = NO;
				GCC_C_LANGUAGE_STANDARD = c99;
				GCC_THUMB_SUPPORT = NO;
				GCC_VERSION = com.apple.compilers.llvm.clang.1_0;
				GCC_WARN_ABOUT_RETURN_TYPE = YES;
				GCC_WARN_UNUSED_VARIABLE = YES;
				HEADER_SEARCH_PATHS = "";
				IPHONEOS_DEPLOYMENT_TARGET = 3.0;
				SDKROOT = iphoneos;
				TARGETED_DEVICE_FAMILY = "1,2";
				USER_HEADER_SEARCH_PATHS = "$(PIXELWAVE_SRC)/**";
			};
			name = Release;
		};
/* End XCBuildConfiguration section */

/* Begin XCConfigurationList section */
		1D6058960D05DD3E006BFB54 /* Build configuration list for PBXNativeTarget "TouchEvents" */ = {
			isa = XCConfigurationList;
			buildConfigurations = (
				1D6058940D05DD3E006BFB54 /* Debug */,
				1D6058950D05DD3E006BFB54 /* Release */,
			);
			defaultConfigurationIsVisible = 0;
			defaultConfigurationName = Release;
		};
		C01FCF4E08A954540054247B /* Build configuration list for PBXProject "TouchEvents" */ = {
			isa = XCConfigurationList;
			buildConfigurations = (
				C01FCF4F08A954540054247B /* Debug */,
				C01FCF5008A954540054247B /* Release */,
			);
			defaultConfigurationIsVisible = 0;
			defaultConfigurationName = Release;
		};
/* End XCConfigurationList section */
	};
	rootObject = 29B97313FDCFA39411CA2CEA /* Project object */;
}
