// !$*UTF8*$!
{
	archiveVersion = 1;
	classes = {
	};
	objectVersion = 46;
	objects = {

/* Begin PBXBuildFile section */
		1D60589B0D05DD56006BFB54 /* main.m in Sources */ = {isa = PBXBuildFile; fileRef = 29B97316FDCFA39411CA2CEA /* main.m */; };
		1D60589F0D05DD5A006BFB54 /* Foundation.framework in Frameworks */ = {isa = PBXBuildFile; fileRef = 1D30AB110D05D00D00671497 /* Foundation.framework */; };
		1DF5F4E00D08C38300B7A737 /* UIKit.framework in Frameworks */ = {isa = PBXBuildFile; fileRef = 1DF5F4DF0D08C38300B7A737 /* UIKit.framework */; };
		288765FD0DF74451002DB57D /* CoreGraphics.framework in Frameworks */ = {isa = PBXBuildFile; fileRef = 288765FC0DF74451002DB57D /* CoreGraphics.framework */; };
		2D2E619511418A9F00B99228 /* libPixelwave.a in Frameworks */ = {isa = PBXBuildFile; fileRef = 2D2E618C11418A9800B99228 /* libPixelwave.a */; };
		2D37543212BBD20A00FA7A59 /* Default~iPad.png in Resources */ = {isa = PBXBuildFile; fileRef = 2D37543112BBD20A00FA7A59 /* Default~iPad.png */; };
		2D7E9119107B896900B98F2B /* NewtonsCradleRoot.mm in Sources */ = {isa = PBXBuildFile; fileRef = 2D7E9118107B896900B98F2B /* NewtonsCradleRoot.mm */; };
		2D7E91D2107B8F7400B98F2B /* QuartzCore.framework in Frameworks */ = {isa = PBXBuildFile; fileRef = 2D7E91D0107B8F7400B98F2B /* QuartzCore.framework */; };
		2D7E91D3107B8F7400B98F2B /* OpenGLES.framework in Frameworks */ = {isa = PBXBuildFile; fileRef = 2D7E91D1107B8F7400B98F2B /* OpenGLES.framework */; };
		2DC35CE212CBDFE100B2F195 /* libPixelKit.a in Frameworks */ = {isa = PBXBuildFile; fileRef = 2DC35CE112CBDFD000B2F195 /* libPixelKit.a */; };
		2DC35D9912CBE34200B2F195 /* Box2DUtils.mm in Sources */ = {isa = PBXBuildFile; fileRef = 2DC35D9812CBE34200B2F195 /* Box2DUtils.mm */; };
		2DD6222F12BA94F800F200F1 /* MainWindow_iPhone.xib in Resources */ = {isa = PBXBuildFile; fileRef = 2DD6220E12BA8F9D00F200F1 /* MainWindow_iPhone.xib */; };
		2DD6223012BA94FE00F200F1 /* MainWindow_iPad.xib in Resources */ = {isa = PBXBuildFile; fileRef = 2DD6220A12BA8F9D00F200F1 /* MainWindow_iPad.xib */; };
		2DD6223112BA950F00F200F1 /* AppDelegate_iPad.mm in Sources */ = {isa = PBXBuildFile; fileRef = 2DD6220912BA8F9D00F200F1 /* AppDelegate_iPad.mm */; };
		2DD6223212BA950F00F200F1 /* AppDelegate_iPhone.mm in Sources */ = {isa = PBXBuildFile; fileRef = 2DD6220D12BA8F9D00F200F1 /* AppDelegate_iPhone.mm */; };
		2DD624EC12BAD4BF00F200F1 /* Default.png in Resources */ = {isa = PBXBuildFile; fileRef = 2DD624E712BAD4BF00F200F1 /* Default.png */; };
		2DD624ED12BAD4BF00F200F1 /* Default@2x.png in Resources */ = {isa = PBXBuildFile; fileRef = 2DD624E812BAD4BF00F200F1 /* Default@2x.png */; };
		2DD624EE12BAD4BF00F200F1 /* Icon-72.png in Resources */ = {isa = PBXBuildFile; fileRef = 2DD624E912BAD4BF00F200F1 /* Icon-72.png */; };
		2DD624EF12BAD4BF00F200F1 /* Icon.png in Resources */ = {isa = PBXBuildFile; fileRef = 2DD624EA12BAD4BF00F200F1 /* Icon.png */; };
		2DD624F012BAD4BF00F200F1 /* Icon@2x.png in Resources */ = {isa = PBXBuildFile; fileRef = 2DD624EB12BAD4BF00F200F1 /* Icon@2x.png */; };
		2DE6D0B213E7381000B85014 /* Atlas.png in Resources */ = {isa = PBXBuildFile; fileRef = 2DE6D0B013E7381000B85014 /* Atlas.png */; };
		2DE6D0B313E7381000B85014 /* Atlas@2x.png in Resources */ = {isa = PBXBuildFile; fileRef = 2DE6D0B113E7381000B85014 /* Atlas@2x.png */; };
		2DF9AF1C13E5BDDC006BF50F /* Atlas.json in Resources */ = {isa = PBXBuildFile; fileRef = 2DF9AF1513E5BDDC006BF50F /* Atlas.json */; };
		2DF9AF1E13E5BDDC006BF50F /* Atlas@2x.json in Resources */ = {isa = PBXBuildFile; fileRef = 2DF9AF1713E5BDDC006BF50F /* Atlas@2x.json */; };
		2DF9AF2013E5BDDC006BF50F /* BGiPad.png in Resources */ = {isa = PBXBuildFile; fileRef = 2DF9AF1913E5BDDC006BF50F /* BGiPad.png */; };
		2DF9AF2113E5BDDC006BF50F /* BGiPhone.png in Resources */ = {isa = PBXBuildFile; fileRef = 2DF9AF1A13E5BDDC006BF50F /* BGiPhone.png */; };
		2DF9AF2213E5BDDC006BF50F /* BGiPhone@2x.png in Resources */ = {isa = PBXBuildFile; fileRef = 2DF9AF1B13E5BDDC006BF50F /* BGiPhone@2x.png */; };
		2DF9AF2B13E5C9BC006BF50F /* Attacher.mm in Sources */ = {isa = PBXBuildFile; fileRef = 2DF9AF2513E5C9BC006BF50F /* Attacher.mm */; };
		2DF9AF2C13E5C9BC006BF50F /* BodyAttacher.mm in Sources */ = {isa = PBXBuildFile; fileRef = 2DF9AF2713E5C9BC006BF50F /* BodyAttacher.mm */; };
		2DF9AF2D13E5C9BC006BF50F /* Box2DListeners.mm in Sources */ = {isa = PBXBuildFile; fileRef = 2DF9AF2A13E5C9BC006BF50F /* Box2DListeners.mm */; };
		2DF9AF3113E5C9F0006BF50F /* CradleItemSprite.m in Sources */ = {isa = PBXBuildFile; fileRef = 2DF9AF3013E5C9F0006BF50F /* CradleItemSprite.m */; };
		2DF9AF3413E5CB96006BF50F /* CradleBallSprite.m in Sources */ = {isa = PBXBuildFile; fileRef = 2DF9AF3313E5CB96006BF50F /* CradleBallSprite.m */; };
		2DF9AF4513E5D425006BF50F /* Globals.m in Sources */ = {isa = PBXBuildFile; fileRef = 2DF9AF4413E5D425006BF50F /* Globals.m */; };
		2DF9AF4813E5D67C006BF50F /* CradleItemShadowSprite.m in Sources */ = {isa = PBXBuildFile; fileRef = 2DF9AF4713E5D67C006BF50F /* CradleItemShadowSprite.m */; };
		5296B6F712D535DF00A8D494 /* wood.wav in Resources */ = {isa = PBXBuildFile; fileRef = 5296B6F412D535DF00A8D494 /* wood.wav */; };
		52ABDD711256746000AB0756 /* CoreText.framework in Frameworks */ = {isa = PBXBuildFile; fileRef = 52ABDD701256746000AB0756 /* CoreText.framework */; settings = {ATTRIBUTES = (Weak, ); }; };
		52DAB9431278A90E002894E7 /* AVFoundation.framework in Frameworks */ = {isa = PBXBuildFile; fileRef = 52DAB9421278A90E002894E7 /* AVFoundation.framework */; };
		52DAB9491278A91D002894E7 /* AudioToolbox.framework in Frameworks */ = {isa = PBXBuildFile; fileRef = 52DAB9481278A91D002894E7 /* AudioToolbox.framework */; };
		52DAB94D1278A927002894E7 /* OpenAL.framework in Frameworks */ = {isa = PBXBuildFile; fileRef = 52DAB94C1278A927002894E7 /* OpenAL.framework */; };
/* End PBXBuildFile section */

/* Begin PBXContainerItemProxy section */
		2D2E618B11418A9800B99228 /* PBXContainerItemProxy */ = {
			isa = PBXContainerItemProxy;
			containerPortal = 2D7E9077107B872300B98F2B /* Pixelwave.xcodeproj */;
			proxyType = 2;
			remoteGlobalIDString = D2AAC07E0554694100DB518D;
			remoteInfo = Pixelwave;
		};
		2D2E619611418AA500B99228 /* PBXContainerItemProxy */ = {
			isa = PBXContainerItemProxy;
			containerPortal = 2D7E9077107B872300B98F2B /* Pixelwave.xcodeproj */;
			proxyType = 1;
			remoteGlobalIDString = D2AAC07D0554694100DB518D;
			remoteInfo = Pixelwave;
		};
		2DC35CE012CBDFD000B2F195 /* PBXContainerItemProxy */ = {
			isa = PBXContainerItemProxy;
			containerPortal = 2DC35CCD12CBDFAC00B2F195 /* PixelKit.xcodeproj */;
			proxyType = 2;
			remoteGlobalIDString = D2AAC07E0554694100DB518D;
			remoteInfo = PixelKit;
		};
		2DC35CE312CBDFEF00B2F195 /* PBXContainerItemProxy */ = {
			isa = PBXContainerItemProxy;
			containerPortal = 2DC35CCD12CBDFAC00B2F195 /* PixelKit.xcodeproj */;
			proxyType = 1;
			remoteGlobalIDString = D2AAC07D0554694100DB518D;
			remoteInfo = PixelKit;
		};
/* End PBXContainerItemProxy section */

/* Begin PBXFileReference section */
		1D30AB110D05D00D00671497 /* Foundation.framework */ = {isa = PBXFileReference; lastKnownFileType = wrapper.framework; name = Foundation.framework; path = System/Library/Frameworks/Foundation.framework; sourceTree = SDKROOT; };
		1D6058910D05DD3D006BFB54 /* NewtonsCradle.app */ = {isa = PBXFileReference; explicitFileType = wrapper.application; includeInIndex = 0; path = NewtonsCradle.app; sourceTree = BUILT_PRODUCTS_DIR; };
		1DF5F4DF0D08C38300B7A737 /* UIKit.framework */ = {isa = PBXFileReference; lastKnownFileType = wrapper.framework; name = UIKit.framework; path = System/Library/Frameworks/UIKit.framework; sourceTree = SDKROOT; };
		288765FC0DF74451002DB57D /* CoreGraphics.framework */ = {isa = PBXFileReference; lastKnownFileType = wrapper.framework; name = CoreGraphics.framework; path = System/Library/Frameworks/CoreGraphics.framework; sourceTree = SDKROOT; };
		29B97316FDCFA39411CA2CEA /* main.m */ = {isa = PBXFileReference; fileEncoding = 4; lastKnownFileType = sourcecode.c.objc; path = main.m; sourceTree = "<group>"; };
		2D37543112BBD20A00FA7A59 /* Default~iPad.png */ = {isa = PBXFileReference; lastKnownFileType = image.png; path = "Default~iPad.png"; sourceTree = "<group>"; };
		2D7E9077107B872300B98F2B /* Pixelwave.xcodeproj */ = {isa = PBXFileReference; lastKnownFileType = "wrapper.pb-project"; path = Pixelwave.xcodeproj; sourceTree = PIXELWAVE_SRC; };
		2D7E9117107B896900B98F2B /* NewtonsCradleRoot.h */ = {isa = PBXFileReference; fileEncoding = 4; lastKnownFileType = sourcecode.c.h; path = NewtonsCradleRoot.h; sourceTree = "<group>"; };
		2D7E9118107B896900B98F2B /* NewtonsCradleRoot.mm */ = {isa = PBXFileReference; fileEncoding = 4; lastKnownFileType = sourcecode.cpp.objcpp; path = NewtonsCradleRoot.mm; sourceTree = "<group>"; };
		2D7E91D0107B8F7400B98F2B /* QuartzCore.framework */ = {isa = PBXFileReference; lastKnownFileType = wrapper.framework; name = QuartzCore.framework; path = System/Library/Frameworks/QuartzCore.framework; sourceTree = SDKROOT; };
		2D7E91D1107B8F7400B98F2B /* OpenGLES.framework */ = {isa = PBXFileReference; lastKnownFileType = wrapper.framework; name = OpenGLES.framework; path = System/Library/Frameworks/OpenGLES.framework; sourceTree = SDKROOT; };
		2DC35CCD12CBDFAC00B2F195 /* PixelKit.xcodeproj */ = {isa = PBXFileReference; lastKnownFileType = "wrapper.pb-project"; path = PixelKit.xcodeproj; sourceTree = PIXEL_KIT_SRC; };
		2DC35D9712CBE34200B2F195 /* Box2DUtils.h */ = {isa = PBXFileReference; fileEncoding = 4; lastKnownFileType = sourcecode.c.h; path = Box2DUtils.h; sourceTree = "<group>"; };
		2DC35D9812CBE34200B2F195 /* Box2DUtils.mm */ = {isa = PBXFileReference; fileEncoding = 4; lastKnownFileType = sourcecode.cpp.objcpp; path = Box2DUtils.mm; sourceTree = "<group>"; };
		2DD6220812BA8F9D00F200F1 /* AppDelegate_iPad.h */ = {isa = PBXFileReference; lastKnownFileType = sourcecode.c.h; path = AppDelegate_iPad.h; sourceTree = "<group>"; };
		2DD6220912BA8F9D00F200F1 /* AppDelegate_iPad.mm */ = {isa = PBXFileReference; lastKnownFileType = sourcecode.cpp.objcpp; path = AppDelegate_iPad.mm; sourceTree = "<group>"; };
		2DD6220A12BA8F9D00F200F1 /* MainWindow_iPad.xib */ = {isa = PBXFileReference; lastKnownFileType = file.xib; path = MainWindow_iPad.xib; sourceTree = "<group>"; };
		2DD6220C12BA8F9D00F200F1 /* AppDelegate_iPhone.h */ = {isa = PBXFileReference; lastKnownFileType = sourcecode.c.h; path = AppDelegate_iPhone.h; sourceTree = "<group>"; };
		2DD6220D12BA8F9D00F200F1 /* AppDelegate_iPhone.mm */ = {isa = PBXFileReference; lastKnownFileType = sourcecode.cpp.objcpp; path = AppDelegate_iPhone.mm; sourceTree = "<group>"; };
		2DD6220E12BA8F9D00F200F1 /* MainWindow_iPhone.xib */ = {isa = PBXFileReference; lastKnownFileType = file.xib; path = MainWindow_iPhone.xib; sourceTree = "<group>"; };
		2DD6221B12BA912E00F200F1 /* NewtonsCradle-Info.plist */ = {isa = PBXFileReference; fileEncoding = 4; lastKnownFileType = text.plist.xml; path = "NewtonsCradle-Info.plist"; sourceTree = "<group>"; };
		2DD624E712BAD4BF00F200F1 /* Default.png */ = {isa = PBXFileReference; lastKnownFileType = image.png; path = Default.png; sourceTree = "<group>"; };
		2DD624E812BAD4BF00F200F1 /* Default@2x.png */ = {isa = PBXFileReference; lastKnownFileType = image.png; path = "Default@2x.png"; sourceTree = "<group>"; };
		2DD624E912BAD4BF00F200F1 /* Icon-72.png */ = {isa = PBXFileReference; lastKnownFileType = image.png; path = "Icon-72.png"; sourceTree = "<group>"; };
		2DD624EA12BAD4BF00F200F1 /* Icon.png */ = {isa = PBXFileReference; lastKnownFileType = image.png; path = Icon.png; sourceTree = "<group>"; };
		2DD624EB12BAD4BF00F200F1 /* Icon@2x.png */ = {isa = PBXFileReference; lastKnownFileType = image.png; path = "Icon@2x.png"; sourceTree = "<group>"; };
		2DE6D0B013E7381000B85014 /* Atlas.png */ = {isa = PBXFileReference; lastKnownFileType = image.png; path = Atlas.png; sourceTree = "<group>"; };
		2DE6D0B113E7381000B85014 /* Atlas@2x.png */ = {isa = PBXFileReference; lastKnownFileType = image.png; path = "Atlas@2x.png"; sourceTree = "<group>"; };
		2DF9AF1513E5BDDC006BF50F /* Atlas.json */ = {isa = PBXFileReference; fileEncoding = 4; lastKnownFileType = text; path = Atlas.json; sourceTree = "<group>"; };
		2DF9AF1713E5BDDC006BF50F /* Atlas@2x.json */ = {isa = PBXFileReference; fileEncoding = 4; lastKnownFileType = text; path = "Atlas@2x.json"; sourceTree = "<group>"; };
		2DF9AF1913E5BDDC006BF50F /* BGiPad.png */ = {isa = PBXFileReference; lastKnownFileType = image.png; path = BGiPad.png; sourceTree = "<group>"; };
		2DF9AF1A13E5BDDC006BF50F /* BGiPhone.png */ = {isa = PBXFileReference; lastKnownFileType = image.png; path = BGiPhone.png; sourceTree = "<group>"; };
		2DF9AF1B13E5BDDC006BF50F /* BGiPhone@2x.png */ = {isa = PBXFileReference; lastKnownFileType = image.png; path = "BGiPhone@2x.png"; sourceTree = "<group>"; };
		2DF9AF2413E5C9BC006BF50F /* Attacher.h */ = {isa = PBXFileReference; fileEncoding = 4; lastKnownFileType = sourcecode.c.h; path = Attacher.h; sourceTree = "<group>"; };
		2DF9AF2513E5C9BC006BF50F /* Attacher.mm */ = {isa = PBXFileReference; fileEncoding = 4; lastKnownFileType = sourcecode.cpp.objcpp; path = Attacher.mm; sourceTree = "<group>"; };
		2DF9AF2613E5C9BC006BF50F /* BodyAttacher.h */ = {isa = PBXFileReference; fileEncoding = 4; lastKnownFileType = sourcecode.c.h; path = BodyAttacher.h; sourceTree = "<group>"; };
		2DF9AF2713E5C9BC006BF50F /* BodyAttacher.mm */ = {isa = PBXFileReference; fileEncoding = 4; lastKnownFileType = sourcecode.cpp.objcpp; path = BodyAttacher.mm; sourceTree = "<group>"; };
		2DF9AF2813E5C9BC006BF50F /* Box2DListenerDelegate.h */ = {isa = PBXFileReference; fileEncoding = 4; lastKnownFileType = sourcecode.c.h; path = Box2DListenerDelegate.h; sourceTree = "<group>"; };
		2DF9AF2913E5C9BC006BF50F /* Box2DListeners.h */ = {isa = PBXFileReference; fileEncoding = 4; lastKnownFileType = sourcecode.c.h; path = Box2DListeners.h; sourceTree = "<group>"; };
		2DF9AF2A13E5C9BC006BF50F /* Box2DListeners.mm */ = {isa = PBXFileReference; fileEncoding = 4; lastKnownFileType = sourcecode.cpp.objcpp; path = Box2DListeners.mm; sourceTree = "<group>"; };
		2DF9AF2F13E5C9F0006BF50F /* CradleItemSprite.h */ = {isa = PBXFileReference; fileEncoding = 4; lastKnownFileType = sourcecode.c.h; path = CradleItemSprite.h; sourceTree = "<group>"; };
		2DF9AF3013E5C9F0006BF50F /* CradleItemSprite.m */ = {isa = PBXFileReference; fileEncoding = 4; lastKnownFileType = sourcecode.c.objc; path = CradleItemSprite.m; sourceTree = "<group>"; };
		2DF9AF3213E5CB96006BF50F /* CradleBallSprite.h */ = {isa = PBXFileReference; fileEncoding = 4; lastKnownFileType = sourcecode.c.h; path = CradleBallSprite.h; sourceTree = "<group>"; };
		2DF9AF3313E5CB96006BF50F /* CradleBallSprite.m */ = {isa = PBXFileReference; fileEncoding = 4; lastKnownFileType = sourcecode.c.objc; path = CradleBallSprite.m; sourceTree = "<group>"; };
		2DF9AF4313E5D425006BF50F /* Globals.h */ = {isa = PBXFileReference; fileEncoding = 4; lastKnownFileType = sourcecode.c.h; path = Globals.h; sourceTree = "<group>"; };
		2DF9AF4413E5D425006BF50F /* Globals.m */ = {isa = PBXFileReference; fileEncoding = 4; lastKnownFileType = sourcecode.c.objc; path = Globals.m; sourceTree = "<group>"; };
		2DF9AF4613E5D67C006BF50F /* CradleItemShadowSprite.h */ = {isa = PBXFileReference; fileEncoding = 4; lastKnownFileType = sourcecode.c.h; path = CradleItemShadowSprite.h; sourceTree = "<group>"; };
		2DF9AF4713E5D67C006BF50F /* CradleItemShadowSprite.m */ = {isa = PBXFileReference; fileEncoding = 4; lastKnownFileType = sourcecode.c.objc; path = CradleItemShadowSprite.m; sourceTree = "<group>"; };
		32CA4F630368D1EE00C91783 /* NewtonsCradle_Prefix.pch */ = {isa = PBXFileReference; fileEncoding = 4; lastKnownFileType = sourcecode.c.h; path = NewtonsCradle_Prefix.pch; sourceTree = "<group>"; };
		5296B6F412D535DF00A8D494 /* wood.wav */ = {isa = PBXFileReference; lastKnownFileType = audio.wav; path = wood.wav; sourceTree = "<group>"; };
		52ABDD701256746000AB0756 /* CoreText.framework */ = {isa = PBXFileReference; lastKnownFileType = wrapper.framework; name = CoreText.framework; path = System/Library/Frameworks/CoreText.framework; sourceTree = SDKROOT; };
		52DAB9421278A90E002894E7 /* AVFoundation.framework */ = {isa = PBXFileReference; lastKnownFileType = wrapper.framework; name = AVFoundation.framework; path = System/Library/Frameworks/AVFoundation.framework; sourceTree = SDKROOT; };
		52DAB9481278A91D002894E7 /* AudioToolbox.framework */ = {isa = PBXFileReference; lastKnownFileType = wrapper.framework; name = AudioToolbox.framework; path = System/Library/Frameworks/AudioToolbox.framework; sourceTree = SDKROOT; };
		52DAB94C1278A927002894E7 /* OpenAL.framework */ = {isa = PBXFileReference; lastKnownFileType = wrapper.framework; name = OpenAL.framework; path = System/Library/Frameworks/OpenAL.framework; sourceTree = SDKROOT; };
/* End PBXFileReference section */

/* Begin PBXFrameworksBuildPhase section */
		1D60588F0D05DD3D006BFB54 /* Frameworks */ = {
			isa = PBXFrameworksBuildPhase;
			buildActionMask = 2147483647;
			files = (
				2D2E619511418A9F00B99228 /* libPixelwave.a in Frameworks */,
				2DC35CE212CBDFE100B2F195 /* libPixelKit.a in Frameworks */,
				1D60589F0D05DD5A006BFB54 /* Foundation.framework in Frameworks */,
				1DF5F4E00D08C38300B7A737 /* UIKit.framework in Frameworks */,
				288765FD0DF74451002DB57D /* CoreGraphics.framework in Frameworks */,
				2D7E91D2107B8F7400B98F2B /* QuartzCore.framework in Frameworks */,
				2D7E91D3107B8F7400B98F2B /* OpenGLES.framework in Frameworks */,
				52ABDD711256746000AB0756 /* CoreText.framework in Frameworks */,
				52DAB9431278A90E002894E7 /* AVFoundation.framework in Frameworks */,
				52DAB9491278A91D002894E7 /* AudioToolbox.framework in Frameworks */,
				52DAB94D1278A927002894E7 /* OpenAL.framework in Frameworks */,
			);
			runOnlyForDeploymentPostprocessing = 0;
		};
/* End PBXFrameworksBuildPhase section */

/* Begin PBXGroup section */
		080E96DDFE201D6D7F000001 /* Classes */ = {
			isa = PBXGroup;
			children = (
				2DF9AF4313E5D425006BF50F /* Globals.h */,
				2DF9AF4413E5D425006BF50F /* Globals.m */,
				2D7E9117107B896900B98F2B /* NewtonsCradleRoot.h */,
				2D7E9118107B896900B98F2B /* NewtonsCradleRoot.mm */,
				2DF9AF2E13E5C9C8006BF50F /* Display */,
				2DF9AF2313E5C9BC006BF50F /* Physics */,
				2DC35D9612CBE34200B2F195 /* Utils */,
			);
			path = Classes;
			sourceTree = "<group>";
		};
		19C28FACFE9D520D11CA2CBB /* Products */ = {
			isa = PBXGroup;
			children = (
				1D6058910D05DD3D006BFB54 /* NewtonsCradle.app */,
			);
			name = Products;
			sourceTree = "<group>";
		};
		29B97314FDCFA39411CA2CEA /* CustomTemplate */ = {
			isa = PBXGroup;
			children = (
				2D7E9077107B872300B98F2B /* Pixelwave.xcodeproj */,
				2DC35CCD12CBDFAC00B2F195 /* PixelKit.xcodeproj */,
				080E96DDFE201D6D7F000001 /* Classes */,
				2DD6220F12BA8F9D00F200F1 /* Shared */,
				2DD6220712BA8F9C00F200F1 /* iPad */,
				2DD6220B12BA8F9D00F200F1 /* iPhone */,
				5296B6ED12D5358100A8D494 /* Media */,
				29B97315FDCFA39411CA2CEA /* Other Sources */,
				29B97317FDCFA39411CA2CEA /* Resources */,
				29B97323FDCFA39411CA2CEA /* Frameworks */,
				19C28FACFE9D520D11CA2CBB /* Products */,
			);
			name = CustomTemplate;
			sourceTree = "<group>";
		};
		29B97315FDCFA39411CA2CEA /* Other Sources */ = {
			isa = PBXGroup;
			children = (
				32CA4F630368D1EE00C91783 /* NewtonsCradle_Prefix.pch */,
				29B97316FDCFA39411CA2CEA /* main.m */,
			);
			name = "Other Sources";
			sourceTree = "<group>";
		};
		29B97317FDCFA39411CA2CEA /* Resources */ = {
			isa = PBXGroup;
			children = (
				2DD624E612BAD4BF00F200F1 /* Media */,
			);
			name = Resources;
			sourceTree = "<group>";
		};
		29B97323FDCFA39411CA2CEA /* Frameworks */ = {
			isa = PBXGroup;
			children = (
				2D7E91D0107B8F7400B98F2B /* QuartzCore.framework */,
				2D7E91D1107B8F7400B98F2B /* OpenGLES.framework */,
				1DF5F4DF0D08C38300B7A737 /* UIKit.framework */,
				1D30AB110D05D00D00671497 /* Foundation.framework */,
				288765FC0DF74451002DB57D /* CoreGraphics.framework */,
				52ABDD701256746000AB0756 /* CoreText.framework */,
				52DAB9421278A90E002894E7 /* AVFoundation.framework */,
				52DAB9481278A91D002894E7 /* AudioToolbox.framework */,
				52DAB94C1278A927002894E7 /* OpenAL.framework */,
			);
			name = Frameworks;
			sourceTree = "<group>";
		};
		2D2E618811418A9800B99228 /* Products */ = {
			isa = PBXGroup;
			children = (
				2D2E618C11418A9800B99228 /* libPixelwave.a */,
			);
			name = Products;
			sourceTree = "<group>";
		};
		2DC35CDD12CBDFD000B2F195 /* Products */ = {
			isa = PBXGroup;
			children = (
				2DC35CE112CBDFD000B2F195 /* libPixelKit.a */,
			);
			name = Products;
			sourceTree = "<group>";
		};
		2DC35D9612CBE34200B2F195 /* Utils */ = {
			isa = PBXGroup;
			children = (
				2DC35D9712CBE34200B2F195 /* Box2DUtils.h */,
				2DC35D9812CBE34200B2F195 /* Box2DUtils.mm */,
			);
			path = Utils;
			sourceTree = "<group>";
		};
		2DD6220712BA8F9C00F200F1 /* iPad */ = {
			isa = PBXGroup;
			children = (
				2DD6220812BA8F9D00F200F1 /* AppDelegate_iPad.h */,
				2DD6220912BA8F9D00F200F1 /* AppDelegate_iPad.mm */,
				2DD6220A12BA8F9D00F200F1 /* MainWindow_iPad.xib */,
			);
			path = iPad;
			sourceTree = "<group>";
		};
		2DD6220B12BA8F9D00F200F1 /* iPhone */ = {
			isa = PBXGroup;
			children = (
				2DD6220C12BA8F9D00F200F1 /* AppDelegate_iPhone.h */,
				2DD6220D12BA8F9D00F200F1 /* AppDelegate_iPhone.mm */,
				2DD6220E12BA8F9D00F200F1 /* MainWindow_iPhone.xib */,
			);
			path = iPhone;
			sourceTree = "<group>";
		};
		2DD6220F12BA8F9D00F200F1 /* Shared */ = {
			isa = PBXGroup;
			children = (
				2DD6221B12BA912E00F200F1 /* NewtonsCradle-Info.plist */,
			);
			name = Shared;
			sourceTree = "<group>";
		};
		2DD624E612BAD4BF00F200F1 /* Media */ = {
			isa = PBXGroup;
			children = (
				2D37543112BBD20A00FA7A59 /* Default~iPad.png */,
				2DD624E812BAD4BF00F200F1 /* Default@2x.png */,
				2DD624E712BAD4BF00F200F1 /* Default.png */,
				2DD624EB12BAD4BF00F200F1 /* Icon@2x.png */,
				2DD624E912BAD4BF00F200F1 /* Icon-72.png */,
				2DD624EA12BAD4BF00F200F1 /* Icon.png */,
			);
			path = Media;
			sourceTree = "<group>";
		};
		2DF9AF2313E5C9BC006BF50F /* Physics */ = {
			isa = PBXGroup;
			children = (
				2DF9AF2413E5C9BC006BF50F /* Attacher.h */,
				2DF9AF2513E5C9BC006BF50F /* Attacher.mm */,
				2DF9AF2613E5C9BC006BF50F /* BodyAttacher.h */,
				2DF9AF2713E5C9BC006BF50F /* BodyAttacher.mm */,
				2DF9AF2813E5C9BC006BF50F /* Box2DListenerDelegate.h */,
				2DF9AF2913E5C9BC006BF50F /* Box2DListeners.h */,
				2DF9AF2A13E5C9BC006BF50F /* Box2DListeners.mm */,
			);
			path = Physics;
			sourceTree = "<group>";
		};
		2DF9AF2E13E5C9C8006BF50F /* Display */ = {
			isa = PBXGroup;
			children = (
				2DF9AF2F13E5C9F0006BF50F /* CradleItemSprite.h */,
				2DF9AF3013E5C9F0006BF50F /* CradleItemSprite.m */,
				2DF9AF4613E5D67C006BF50F /* CradleItemShadowSprite.h */,
				2DF9AF4713E5D67C006BF50F /* CradleItemShadowSprite.m */,
				2DF9AF3213E5CB96006BF50F /* CradleBallSprite.h */,
				2DF9AF3313E5CB96006BF50F /* CradleBallSprite.m */,
			);
			path = Display;
			sourceTree = "<group>";
		};
		5296B6ED12D5358100A8D494 /* Media */ = {
			isa = PBXGroup;
			children = (
				2DF9AF1513E5BDDC006BF50F /* Atlas.json */,
				2DF9AF1713E5BDDC006BF50F /* Atlas@2x.json */,
				2DE6D0B013E7381000B85014 /* Atlas.png */,
				2DE6D0B113E7381000B85014 /* Atlas@2x.png */,
				2DF9AF1913E5BDDC006BF50F /* BGiPad.png */,
				2DF9AF1A13E5BDDC006BF50F /* BGiPhone.png */,
				2DF9AF1B13E5BDDC006BF50F /* BGiPhone@2x.png */,
				5296B6F412D535DF00A8D494 /* wood.wav */,
			);
			path = Media;
			sourceTree = "<group>";
		};
/* End PBXGroup section */

/* Begin PBXNativeTarget section */
		1D6058900D05DD3D006BFB54 /* NewtonsCradle */ = {
			isa = PBXNativeTarget;
			buildConfigurationList = 1D6058960D05DD3E006BFB54 /* Build configuration list for PBXNativeTarget "NewtonsCradle" */;
			buildPhases = (
				1D60588D0D05DD3D006BFB54 /* Resources */,
				1D60588E0D05DD3D006BFB54 /* Sources */,
				1D60588F0D05DD3D006BFB54 /* Frameworks */,
			);
			buildRules = (
			);
			dependencies = (
				2D2E619711418AA500B99228 /* PBXTargetDependency */,
				2DC35CE412CBDFEF00B2F195 /* PBXTargetDependency */,
			);
			name = NewtonsCradle;
			productName = NewtonsCradle;
			productReference = 1D6058910D05DD3D006BFB54 /* NewtonsCradle.app */;
			productType = "com.apple.product-type.application";
		};
/* End PBXNativeTarget section */

/* Begin PBXProject section */
		29B97313FDCFA39411CA2CEA /* Project object */ = {
			isa = PBXProject;
			attributes = {
				LastUpgradeCheck = 0410;
			};
			buildConfigurationList = C01FCF4E08A954540054247B /* Build configuration list for PBXProject "NewtonsCradle" */;
			compatibilityVersion = "Xcode 3.2";
			developmentRegion = English;
			hasScannedForEncodings = 1;
			knownRegions = (
				English,
				Japanese,
				French,
				German,
			);
			mainGroup = 29B97314FDCFA39411CA2CEA /* CustomTemplate */;
			projectDirPath = "";
			projectReferences = (
				{
					ProductGroup = 2DC35CDD12CBDFD000B2F195 /* Products */;
					ProjectRef = 2DC35CCD12CBDFAC00B2F195 /* PixelKit.xcodeproj */;
				},
				{
					ProductGroup = 2D2E618811418A9800B99228 /* Products */;
					ProjectRef = 2D7E9077107B872300B98F2B /* Pixelwave.xcodeproj */;
				},
			);
			projectRoot = "";
			targets = (
				1D6058900D05DD3D006BFB54 /* NewtonsCradle */,
			);
		};
/* End PBXProject section */

/* Begin PBXReferenceProxy section */
		2D2E618C11418A9800B99228 /* libPixelwave.a */ = {
			isa = PBXReferenceProxy;
			fileType = archive.ar;
			path = libPixelwave.a;
			remoteRef = 2D2E618B11418A9800B99228 /* PBXContainerItemProxy */;
			sourceTree = BUILT_PRODUCTS_DIR;
		};
		2DC35CE112CBDFD000B2F195 /* libPixelKit.a */ = {
			isa = PBXReferenceProxy;
			fileType = archive.ar;
			path = libPixelKit.a;
			remoteRef = 2DC35CE012CBDFD000B2F195 /* PBXContainerItemProxy */;
			sourceTree = BUILT_PRODUCTS_DIR;
		};
/* End PBXReferenceProxy section */

/* Begin PBXResourcesBuildPhase section */
		1D60588D0D05DD3D006BFB54 /* Resources */ = {
			isa = PBXResourcesBuildPhase;
			buildActionMask = 2147483647;
			files = (
				2DD6222F12BA94F800F200F1 /* MainWindow_iPhone.xib in Resources */,
				2DD6223012BA94FE00F200F1 /* MainWindow_iPad.xib in Resources */,
				2DD624EC12BAD4BF00F200F1 /* Default.png in Resources */,
				2DD624ED12BAD4BF00F200F1 /* Default@2x.png in Resources */,
				2DD624EE12BAD4BF00F200F1 /* Icon-72.png in Resources */,
				2DD624EF12BAD4BF00F200F1 /* Icon.png in Resources */,
				2DD624F012BAD4BF00F200F1 /* Icon@2x.png in Resources */,
				2D37543212BBD20A00FA7A59 /* Default~iPad.png in Resources */,
				5296B6F712D535DF00A8D494 /* wood.wav in Resources */,
				2DF9AF1C13E5BDDC006BF50F /* Atlas.json in Resources */,
				2DF9AF1E13E5BDDC006BF50F /* Atlas@2x.json in Resources */,
				2DF9AF2013E5BDDC006BF50F /* BGiPad.png in Resources */,
				2DF9AF2113E5BDDC006BF50F /* BGiPhone.png in Resources */,
				2DF9AF2213E5BDDC006BF50F /* BGiPhone@2x.png in Resources */,
				2DE6D0B213E7381000B85014 /* Atlas.png in Resources */,
				2DE6D0B313E7381000B85014 /* Atlas@2x.png in Resources */,
			);
			runOnlyForDeploymentPostprocessing = 0;
		};
/* End PBXResourcesBuildPhase section */

/* Begin PBXSourcesBuildPhase section */
		1D60588E0D05DD3D006BFB54 /* Sources */ = {
			isa = PBXSourcesBuildPhase;
			buildActionMask = 2147483647;
			files = (
				1D60589B0D05DD56006BFB54 /* main.m in Sources */,
				2DD6223112BA950F00F200F1 /* AppDelegate_iPad.mm in Sources */,
				2DD6223212BA950F00F200F1 /* AppDelegate_iPhone.mm in Sources */,
				2D7E9119107B896900B98F2B /* NewtonsCradleRoot.mm in Sources */,
				2DC35D9912CBE34200B2F195 /* Box2DUtils.mm in Sources */,
				2DF9AF2B13E5C9BC006BF50F /* Attacher.mm in Sources */,
				2DF9AF2C13E5C9BC006BF50F /* BodyAttacher.mm in Sources */,
				2DF9AF2D13E5C9BC006BF50F /* Box2DListeners.mm in Sources */,
				2DF9AF3113E5C9F0006BF50F /* CradleItemSprite.m in Sources */,
				2DF9AF3413E5CB96006BF50F /* CradleBallSprite.m in Sources */,
				2DF9AF4513E5D425006BF50F /* Globals.m in Sources */,
				2DF9AF4813E5D67C006BF50F /* CradleItemShadowSprite.m in Sources */,
			);
			runOnlyForDeploymentPostprocessing = 0;
		};
/* End PBXSourcesBuildPhase section */

/* Begin PBXTargetDependency section */
		2D2E619711418AA500B99228 /* PBXTargetDependency */ = {
			isa = PBXTargetDependency;
			name = Pixelwave;
			targetProxy = 2D2E619611418AA500B99228 /* PBXContainerItemProxy */;
		};
		2DC35CE412CBDFEF00B2F195 /* PBXTargetDependency */ = {
			isa = PBXTargetDependency;
			name = PixelKit;
			targetProxy = 2DC35CE312CBDFEF00B2F195 /* PBXContainerItemProxy */;
		};
/* End PBXTargetDependency section */

/* Begin XCBuildConfiguration section */
		1D6058940D05DD3E006BFB54 /* Debug */ = {
			isa = XCBuildConfiguration;
			buildSettings = {
				ALWAYS_SEARCH_USER_PATHS = YES;
				COPY_PHASE_STRIP = NO;
				GCC_DYNAMIC_NO_PIC = NO;
				GCC_OPTIMIZATION_LEVEL = 0;
				GCC_PRECOMPILE_PREFIX_HEADER = YES;
				GCC_PREFIX_HEADER = NewtonsCradle_Prefix.pch;
				GCC_VERSION = com.apple.compilers.llvmgcc42;
				INFOPLIST_FILE = "NewtonsCradle-Info.plist";
				PRODUCT_NAME = NewtonsCradle;
				SDKROOT = iphoneos;
			};
			name = Debug;
		};
		1D6058950D05DD3E006BFB54 /* Release */ = {
			isa = XCBuildConfiguration;
			buildSettings = {
				ALWAYS_SEARCH_USER_PATHS = YES;
				COPY_PHASE_STRIP = YES;
				GCC_PRECOMPILE_PREFIX_HEADER = YES;
				GCC_PREFIX_HEADER = NewtonsCradle_Prefix.pch;
				GCC_VERSION = com.apple.compilers.llvmgcc42;
				INFOPLIST_FILE = "NewtonsCradle-Info.plist";
				PRODUCT_NAME = NewtonsCradle;
				SDKROOT = iphoneos;
			};
			name = Release;
		};
		C01FCF4F08A954540054247B /* Debug */ = {
			isa = XCBuildConfiguration;
			buildSettings = {
				ARCHS = "$(ARCHS_STANDARD_32_BIT)";
				"CODE_SIGN_IDENTITY[sdk=iphoneos*]" = "iPhone Developer";
				COMPRESS_PNG_FILES = NO;
				GCC_C_LANGUAGE_STANDARD = c99;
				GCC_THUMB_SUPPORT = NO;
				GCC_VERSION = 4.2;
				GCC_WARN_ABOUT_RETURN_TYPE = YES;
				GCC_WARN_UNUSED_VARIABLE = YES;
				HEADER_SEARCH_PATHS = "";
				IPHONEOS_DEPLOYMENT_TARGET = 3.0;
				SDKROOT = iphoneos;
				TARGETED_DEVICE_FAMILY = "1,2";
				USER_HEADER_SEARCH_PATHS = "$(PIXELWAVE_SRC)/** $(PIXEL_KIT_SRC)/**";
			};
			name = Debug;
		};
		C01FCF5008A954540054247B /* Release */ = {
			isa = XCBuildConfiguration;
			buildSettings = {
				ARCHS = "$(ARCHS_STANDARD_32_BIT)";
				"CODE_SIGN_IDENTITY[sdk=iphoneos*]" = "iPhone Developer";
				COMPRESS_PNG_FILES = NO;
				GCC_C_LANGUAGE_STANDARD = c99;
				GCC_THUMB_SUPPORT = NO;
				GCC_VERSION = 4.2;
				GCC_WARN_ABOUT_RETURN_TYPE = YES;
				GCC_WARN_UNUSED_VARIABLE = YES;
				HEADER_SEARCH_PATHS = "";
				IPHONEOS_DEPLOYMENT_TARGET = 3.0;
				SDKROOT = iphoneos;
				TARGETED_DEVICE_FAMILY = "1,2";
				USER_HEADER_SEARCH_PATHS = "$(PIXELWAVE_SRC)/** $(PIXEL_KIT_SRC)/**";
			};
			name = Release;
		};
/* End XCBuildConfiguration section */

/* Begin XCConfigurationList section */
		1D6058960D05DD3E006BFB54 /* Build configuration list for PBXNativeTarget "NewtonsCradle" */ = {
			isa = XCConfigurationList;
			buildConfigurations = (
				1D6058940D05DD3E006BFB54 /* Debug */,
				1D6058950D05DD3E006BFB54 /* Release */,
			);
			defaultConfigurationIsVisible = 0;
			defaultConfigurationName = Release;
		};
		C01FCF4E08A954540054247B /* Build configuration list for PBXProject "NewtonsCradle" */ = {
			isa = XCConfigurationList;
			buildConfigurations = (
				C01FCF4F08A954540054247B /* Debug */,
				C01FCF5008A954540054247B /* Release */,
			);
			defaultConfigurationIsVisible = 0;
			defaultConfigurationName = Release;
		};
/* End XCConfigurationList section */
	};
	rootObject = 29B97313FDCFA39411CA2CEA /* Project object */;
}
